// !$*UTF8*$!
{
	archiveVersion = 1;
	classes = {
	};
	objectVersion = 51;
	objects = {

/* Begin PBXBuildFile section */
		05BB97B94AC9C4DBE783CE31 /* Pods_WiproAssignmentTests.framework in Frameworks */ = {isa = PBXBuildFile; fileRef = 426B1843A7DA970644CB0DFF /* Pods_WiproAssignmentTests.framework */; };
		0F9D46FF235A7B5B531EDF9F /* Pods_WiproAssignment.framework in Frameworks */ = {isa = PBXBuildFile; fileRef = 46205A8589E8B8C7F08E01A9 /* Pods_WiproAssignment.framework */; };
		39FC3E41D998C6773353BC8C /* Pods_WiproAssignment_WiproAssignmentUITests.framework in Frameworks */ = {isa = PBXBuildFile; fileRef = 3AD73413B0544BDE364BAA75 /* Pods_WiproAssignment_WiproAssignmentUITests.framework */; };
		577917B224E7137300A6A8F7 /* AppDelegate.swift in Sources */ = {isa = PBXBuildFile; fileRef = 577917B124E7137300A6A8F7 /* AppDelegate.swift */; };
		577917B424E7137300A6A8F7 /* SceneDelegate.swift in Sources */ = {isa = PBXBuildFile; fileRef = 577917B324E7137300A6A8F7 /* SceneDelegate.swift */; };
		577917B924E7137300A6A8F7 /* Main.storyboard in Resources */ = {isa = PBXBuildFile; fileRef = 577917B724E7137300A6A8F7 /* Main.storyboard */; };
		577917BB24E7137800A6A8F7 /* Assets.xcassets in Resources */ = {isa = PBXBuildFile; fileRef = 577917BA24E7137800A6A8F7 /* Assets.xcassets */; };
		577917BE24E7137800A6A8F7 /* LaunchScreen.storyboard in Resources */ = {isa = PBXBuildFile; fileRef = 577917BC24E7137800A6A8F7 /* LaunchScreen.storyboard */; };
		577917C924E7137800A6A8F7 /* WiproAssignmentTests.swift in Sources */ = {isa = PBXBuildFile; fileRef = 577917C824E7137800A6A8F7 /* WiproAssignmentTests.swift */; };
		577917D424E7137800A6A8F7 /* WiproAssignmentUITests.swift in Sources */ = {isa = PBXBuildFile; fileRef = 577917D324E7137800A6A8F7 /* WiproAssignmentUITests.swift */; };
		579B5AFB24F421850013D7AF /* TopAlbumCollectionViewCell.swift in Sources */ = {isa = PBXBuildFile; fileRef = 579B5AFA24F421850013D7AF /* TopAlbumCollectionViewCell.swift */; };
		579B5AFD24F422040013D7AF /* HomeViewModel.swift in Sources */ = {isa = PBXBuildFile; fileRef = 579B5AFC24F422040013D7AF /* HomeViewModel.swift */; };
		57D2C09224E9232800B32263 /* AlbumTestCases.swift in Sources */ = {isa = PBXBuildFile; fileRef = 57D2C09124E9232800B32263 /* AlbumTestCases.swift */; };
		57D2C09724E92EC100B32263 /* SS_search_home.png in Resources */ = {isa = PBXBuildFile; fileRef = 57D2C09424E92EC000B32263 /* SS_search_home.png */; };
		57D2C09824E92EC100B32263 /* SS_search_result.png in Resources */ = {isa = PBXBuildFile; fileRef = 57D2C09524E92EC000B32263 /* SS_search_result.png */; };
		57D2C09A24E92F1B00B32263 /* SS_detail.png in Resources */ = {isa = PBXBuildFile; fileRef = 57D2C09924E92F1B00B32263 /* SS_detail.png */; };
		57D44CB324E7EE9300B36C14 /* AppDelegate+Extension.swift in Sources */ = {isa = PBXBuildFile; fileRef = 57D44CB224E7EE9300B36C14 /* AppDelegate+Extension.swift */; };
		57D44CB524E7EEB300B36C14 /* Array+Extension.swift in Sources */ = {isa = PBXBuildFile; fileRef = 57D44CB424E7EEB300B36C14 /* Array+Extension.swift */; };
		57D44CB724E7EEF000B36C14 /* UIViewController+Extension.swift in Sources */ = {isa = PBXBuildFile; fileRef = 57D44CB624E7EEF000B36C14 /* UIViewController+Extension.swift */; };
		57D44CB924E7EF0D00B36C14 /* UIImageView+Extension.swift in Sources */ = {isa = PBXBuildFile; fileRef = 57D44CB824E7EF0D00B36C14 /* UIImageView+Extension.swift */; };
		57D44CBB24E7EF4200B36C14 /* AppStoryboard.swift in Sources */ = {isa = PBXBuildFile; fileRef = 57D44CBA24E7EF4200B36C14 /* AppStoryboard.swift */; };
		57D44CBF24E7EFB400B36C14 /* Album.swift in Sources */ = {isa = PBXBuildFile; fileRef = 57D44CBE24E7EFB400B36C14 /* Album.swift */; };
		57D44CC124E7F02E00B36C14 /* APIError.swift in Sources */ = {isa = PBXBuildFile; fileRef = 57D44CC024E7F02E00B36C14 /* APIError.swift */; };
		57D44CC324E7F04000B36C14 /* Reachablity.swift in Sources */ = {isa = PBXBuildFile; fileRef = 57D44CC224E7F04000B36C14 /* Reachablity.swift */; };
		57D44CC524E7F05600B36C14 /* ResponseParser.swift in Sources */ = {isa = PBXBuildFile; fileRef = 57D44CC424E7F05600B36C14 /* ResponseParser.swift */; };
		57D44CC724E7F06C00B36C14 /* APIRouter.swift in Sources */ = {isa = PBXBuildFile; fileRef = 57D44CC624E7F06C00B36C14 /* APIRouter.swift */; };
		57D44CC924E7F07E00B36C14 /* SessionManager.swift in Sources */ = {isa = PBXBuildFile; fileRef = 57D44CC824E7F07E00B36C14 /* SessionManager.swift */; };
		57D44CCD24E7F76300B36C14 /* AlbumSearchViewController.swift in Sources */ = {isa = PBXBuildFile; fileRef = 57D44CCC24E7F76300B36C14 /* AlbumSearchViewController.swift */; };
		57D44CCF24E7F78500B36C14 /* AlbumSearchResultViewController.swift in Sources */ = {isa = PBXBuildFile; fileRef = 57D44CCE24E7F78500B36C14 /* AlbumSearchResultViewController.swift */; };
		57D44CD124E7F81100B36C14 /* AlbumSearchViewModel.swift in Sources */ = {isa = PBXBuildFile; fileRef = 57D44CD024E7F81100B36C14 /* AlbumSearchViewModel.swift */; };
		57D44CD324E7F92D00B36C14 /* UINavigation+Extension.swift in Sources */ = {isa = PBXBuildFile; fileRef = 57D44CD224E7F92D00B36C14 /* UINavigation+Extension.swift */; };
		57D44CD724E7FA4300B36C14 /* AlbumListTableViewCell.swift in Sources */ = {isa = PBXBuildFile; fileRef = 57D44CD524E7FA4300B36C14 /* AlbumListTableViewCell.swift */; };
		57D44CD824E7FA4300B36C14 /* AlbumListTableViewCell.xib in Resources */ = {isa = PBXBuildFile; fileRef = 57D44CD624E7FA4300B36C14 /* AlbumListTableViewCell.xib */; };
		57D44CDA24E7FDE200B36C14 /* AlbumListCellViewModel.swift in Sources */ = {isa = PBXBuildFile; fileRef = 57D44CD924E7FDE200B36C14 /* AlbumListCellViewModel.swift */; };
		57D44CDC24E8031200B36C14 /* MainCoordinator.swift in Sources */ = {isa = PBXBuildFile; fileRef = 57D44CDB24E8031200B36C14 /* MainCoordinator.swift */; };
		57D44CDE24E8067800B36C14 /* Coordinator.swift in Sources */ = {isa = PBXBuildFile; fileRef = 57D44CDD24E8067800B36C14 /* Coordinator.swift */; };
		57D44CE024E806AC00B36C14 /* AlbumSearchResultCoordinator.swift in Sources */ = {isa = PBXBuildFile; fileRef = 57D44CDF24E806AC00B36C14 /* AlbumSearchResultCoordinator.swift */; };
		57D44CE224E8158000B36C14 /* UITableView+Extension.swift in Sources */ = {isa = PBXBuildFile; fileRef = 57D44CE124E8158000B36C14 /* UITableView+Extension.swift */; };
		57D44CE524E82B2000B36C14 /* AlbumDetailViewModel.swift in Sources */ = {isa = PBXBuildFile; fileRef = 57D44CE424E82B2000B36C14 /* AlbumDetailViewModel.swift */; };
		57D44CE724E83A6600B36C14 /* AlbumDetailViewController.swift in Sources */ = {isa = PBXBuildFile; fileRef = 57D44CE624E83A6600B36C14 /* AlbumDetailViewController.swift */; };
		57D44CE924E83BE200B36C14 /* AlbumDetailCoordinator.swift in Sources */ = {isa = PBXBuildFile; fileRef = 57D44CE824E83BE200B36C14 /* AlbumDetailCoordinator.swift */; };
		57F37A9B24F2C03A00FCEA8F /* PagingModel.swift in Sources */ = {isa = PBXBuildFile; fileRef = 57F37A9A24F2C03A00FCEA8F /* PagingModel.swift */; };
/* End PBXBuildFile section */

/* Begin PBXContainerItemProxy section */
		577917C524E7137800A6A8F7 /* PBXContainerItemProxy */ = {
			isa = PBXContainerItemProxy;
			containerPortal = 577917A624E7137300A6A8F7 /* Project object */;
			proxyType = 1;
			remoteGlobalIDString = 577917AD24E7137300A6A8F7;
			remoteInfo = WiproAssignment;
		};
		577917D024E7137800A6A8F7 /* PBXContainerItemProxy */ = {
			isa = PBXContainerItemProxy;
			containerPortal = 577917A624E7137300A6A8F7 /* Project object */;
			proxyType = 1;
			remoteGlobalIDString = 577917AD24E7137300A6A8F7;
			remoteInfo = WiproAssignment;
		};
/* End PBXContainerItemProxy section */

/* Begin PBXFileReference section */
		2F8A930A0FE4107FDA149FEB /* Pods-WiproAssignmentTests.debug.xcconfig */ = {isa = PBXFileReference; includeInIndex = 1; lastKnownFileType = text.xcconfig; name = "Pods-WiproAssignmentTests.debug.xcconfig"; path = "Target Support Files/Pods-WiproAssignmentTests/Pods-WiproAssignmentTests.debug.xcconfig"; sourceTree = "<group>"; };
		3AD73413B0544BDE364BAA75 /* Pods_WiproAssignment_WiproAssignmentUITests.framework */ = {isa = PBXFileReference; explicitFileType = wrapper.framework; includeInIndex = 0; path = Pods_WiproAssignment_WiproAssignmentUITests.framework; sourceTree = BUILT_PRODUCTS_DIR; };
		3D661C47034FB71C0E392A3A /* Pods-WiproAssignmentTests.release.xcconfig */ = {isa = PBXFileReference; includeInIndex = 1; lastKnownFileType = text.xcconfig; name = "Pods-WiproAssignmentTests.release.xcconfig"; path = "Target Support Files/Pods-WiproAssignmentTests/Pods-WiproAssignmentTests.release.xcconfig"; sourceTree = "<group>"; };
		426B1843A7DA970644CB0DFF /* Pods_WiproAssignmentTests.framework */ = {isa = PBXFileReference; explicitFileType = wrapper.framework; includeInIndex = 0; path = Pods_WiproAssignmentTests.framework; sourceTree = BUILT_PRODUCTS_DIR; };
		46205A8589E8B8C7F08E01A9 /* Pods_WiproAssignment.framework */ = {isa = PBXFileReference; explicitFileType = wrapper.framework; includeInIndex = 0; path = Pods_WiproAssignment.framework; sourceTree = BUILT_PRODUCTS_DIR; };
		47D1CAF0C1D820D13D9ECE3E /* Pods-WiproAssignment.debug.xcconfig */ = {isa = PBXFileReference; includeInIndex = 1; lastKnownFileType = text.xcconfig; name = "Pods-WiproAssignment.debug.xcconfig"; path = "Target Support Files/Pods-WiproAssignment/Pods-WiproAssignment.debug.xcconfig"; sourceTree = "<group>"; };
		577917AE24E7137300A6A8F7 /* Lastfm Demo.app */ = {isa = PBXFileReference; explicitFileType = wrapper.application; includeInIndex = 0; path = "Lastfm Demo.app"; sourceTree = BUILT_PRODUCTS_DIR; };
		577917B124E7137300A6A8F7 /* AppDelegate.swift */ = {isa = PBXFileReference; lastKnownFileType = sourcecode.swift; path = AppDelegate.swift; sourceTree = "<group>"; };
		577917B324E7137300A6A8F7 /* SceneDelegate.swift */ = {isa = PBXFileReference; lastKnownFileType = sourcecode.swift; path = SceneDelegate.swift; sourceTree = "<group>"; };
		577917B824E7137300A6A8F7 /* Base */ = {isa = PBXFileReference; lastKnownFileType = file.storyboard; name = Base; path = Base.lproj/Main.storyboard; sourceTree = "<group>"; };
		577917BA24E7137800A6A8F7 /* Assets.xcassets */ = {isa = PBXFileReference; lastKnownFileType = folder.assetcatalog; path = Assets.xcassets; sourceTree = "<group>"; };
		577917BD24E7137800A6A8F7 /* Base */ = {isa = PBXFileReference; lastKnownFileType = file.storyboard; name = Base; path = Base.lproj/LaunchScreen.storyboard; sourceTree = "<group>"; };
		577917BF24E7137800A6A8F7 /* Info.plist */ = {isa = PBXFileReference; lastKnownFileType = text.plist.xml; path = Info.plist; sourceTree = "<group>"; };
		577917C424E7137800A6A8F7 /* WiproAssignmentTests.xctest */ = {isa = PBXFileReference; explicitFileType = wrapper.cfbundle; includeInIndex = 0; path = WiproAssignmentTests.xctest; sourceTree = BUILT_PRODUCTS_DIR; };
		577917C824E7137800A6A8F7 /* WiproAssignmentTests.swift */ = {isa = PBXFileReference; lastKnownFileType = sourcecode.swift; path = WiproAssignmentTests.swift; sourceTree = "<group>"; };
		577917CA24E7137800A6A8F7 /* Info.plist */ = {isa = PBXFileReference; lastKnownFileType = text.plist.xml; path = Info.plist; sourceTree = "<group>"; };
		577917CF24E7137800A6A8F7 /* WiproAssignmentUITests.xctest */ = {isa = PBXFileReference; explicitFileType = wrapper.cfbundle; includeInIndex = 0; path = WiproAssignmentUITests.xctest; sourceTree = BUILT_PRODUCTS_DIR; };
		577917D324E7137800A6A8F7 /* WiproAssignmentUITests.swift */ = {isa = PBXFileReference; lastKnownFileType = sourcecode.swift; path = WiproAssignmentUITests.swift; sourceTree = "<group>"; };
		577917D524E7137800A6A8F7 /* Info.plist */ = {isa = PBXFileReference; lastKnownFileType = text.plist.xml; path = Info.plist; sourceTree = "<group>"; };
		579B5AFA24F421850013D7AF /* TopAlbumCollectionViewCell.swift */ = {isa = PBXFileReference; lastKnownFileType = sourcecode.swift; path = TopAlbumCollectionViewCell.swift; sourceTree = "<group>"; };
		579B5AFC24F422040013D7AF /* HomeViewModel.swift */ = {isa = PBXFileReference; lastKnownFileType = sourcecode.swift; path = HomeViewModel.swift; sourceTree = "<group>"; };
		57D2C09124E9232800B32263 /* AlbumTestCases.swift */ = {isa = PBXFileReference; lastKnownFileType = sourcecode.swift; path = AlbumTestCases.swift; sourceTree = "<group>"; };
		57D2C09424E92EC000B32263 /* SS_search_home.png */ = {isa = PBXFileReference; lastKnownFileType = image.png; path = SS_search_home.png; sourceTree = "<group>"; };
		57D2C09524E92EC000B32263 /* SS_search_result.png */ = {isa = PBXFileReference; lastKnownFileType = image.png; path = SS_search_result.png; sourceTree = "<group>"; };
		57D2C09924E92F1B00B32263 /* SS_detail.png */ = {isa = PBXFileReference; lastKnownFileType = image.png; path = SS_detail.png; sourceTree = "<group>"; };
		57D44CB224E7EE9300B36C14 /* AppDelegate+Extension.swift */ = {isa = PBXFileReference; lastKnownFileType = sourcecode.swift; path = "AppDelegate+Extension.swift"; sourceTree = "<group>"; };
		57D44CB424E7EEB300B36C14 /* Array+Extension.swift */ = {isa = PBXFileReference; lastKnownFileType = sourcecode.swift; path = "Array+Extension.swift"; sourceTree = "<group>"; };
		57D44CB624E7EEF000B36C14 /* UIViewController+Extension.swift */ = {isa = PBXFileReference; lastKnownFileType = sourcecode.swift; path = "UIViewController+Extension.swift"; sourceTree = "<group>"; };
		57D44CB824E7EF0D00B36C14 /* UIImageView+Extension.swift */ = {isa = PBXFileReference; lastKnownFileType = sourcecode.swift; path = "UIImageView+Extension.swift"; sourceTree = "<group>"; };
		57D44CBA24E7EF4200B36C14 /* AppStoryboard.swift */ = {isa = PBXFileReference; lastKnownFileType = sourcecode.swift; path = AppStoryboard.swift; sourceTree = "<group>"; };
		57D44CBE24E7EFB400B36C14 /* Album.swift */ = {isa = PBXFileReference; lastKnownFileType = sourcecode.swift; path = Album.swift; sourceTree = "<group>"; };
		57D44CC024E7F02E00B36C14 /* APIError.swift */ = {isa = PBXFileReference; lastKnownFileType = sourcecode.swift; path = APIError.swift; sourceTree = "<group>"; };
		57D44CC224E7F04000B36C14 /* Reachablity.swift */ = {isa = PBXFileReference; lastKnownFileType = sourcecode.swift; path = Reachablity.swift; sourceTree = "<group>"; };
		57D44CC424E7F05600B36C14 /* ResponseParser.swift */ = {isa = PBXFileReference; lastKnownFileType = sourcecode.swift; path = ResponseParser.swift; sourceTree = "<group>"; };
		57D44CC624E7F06C00B36C14 /* APIRouter.swift */ = {isa = PBXFileReference; lastKnownFileType = sourcecode.swift; path = APIRouter.swift; sourceTree = "<group>"; };
		57D44CC824E7F07E00B36C14 /* SessionManager.swift */ = {isa = PBXFileReference; lastKnownFileType = sourcecode.swift; path = SessionManager.swift; sourceTree = "<group>"; };
		57D44CCC24E7F76300B36C14 /* AlbumSearchViewController.swift */ = {isa = PBXFileReference; lastKnownFileType = sourcecode.swift; path = AlbumSearchViewController.swift; sourceTree = "<group>"; };
		57D44CCE24E7F78500B36C14 /* AlbumSearchResultViewController.swift */ = {isa = PBXFileReference; lastKnownFileType = sourcecode.swift; path = AlbumSearchResultViewController.swift; sourceTree = "<group>"; };
		57D44CD024E7F81100B36C14 /* AlbumSearchViewModel.swift */ = {isa = PBXFileReference; lastKnownFileType = sourcecode.swift; path = AlbumSearchViewModel.swift; sourceTree = "<group>"; };
		57D44CD224E7F92D00B36C14 /* UINavigation+Extension.swift */ = {isa = PBXFileReference; lastKnownFileType = sourcecode.swift; path = "UINavigation+Extension.swift"; sourceTree = "<group>"; };
		57D44CD524E7FA4300B36C14 /* AlbumListTableViewCell.swift */ = {isa = PBXFileReference; lastKnownFileType = sourcecode.swift; path = AlbumListTableViewCell.swift; sourceTree = "<group>"; };
		57D44CD624E7FA4300B36C14 /* AlbumListTableViewCell.xib */ = {isa = PBXFileReference; lastKnownFileType = file.xib; path = AlbumListTableViewCell.xib; sourceTree = "<group>"; };
		57D44CD924E7FDE200B36C14 /* AlbumListCellViewModel.swift */ = {isa = PBXFileReference; lastKnownFileType = sourcecode.swift; path = AlbumListCellViewModel.swift; sourceTree = "<group>"; };
		57D44CDB24E8031200B36C14 /* MainCoordinator.swift */ = {isa = PBXFileReference; lastKnownFileType = sourcecode.swift; path = MainCoordinator.swift; sourceTree = "<group>"; };
		57D44CDD24E8067800B36C14 /* Coordinator.swift */ = {isa = PBXFileReference; lastKnownFileType = sourcecode.swift; path = Coordinator.swift; sourceTree = "<group>"; };
		57D44CDF24E806AC00B36C14 /* AlbumSearchResultCoordinator.swift */ = {isa = PBXFileReference; lastKnownFileType = sourcecode.swift; path = AlbumSearchResultCoordinator.swift; sourceTree = "<group>"; };
		57D44CE124E8158000B36C14 /* UITableView+Extension.swift */ = {isa = PBXFileReference; lastKnownFileType = sourcecode.swift; path = "UITableView+Extension.swift"; sourceTree = "<group>"; };
		57D44CE424E82B2000B36C14 /* AlbumDetailViewModel.swift */ = {isa = PBXFileReference; lastKnownFileType = sourcecode.swift; path = AlbumDetailViewModel.swift; sourceTree = "<group>"; };
		57D44CE624E83A6600B36C14 /* AlbumDetailViewController.swift */ = {isa = PBXFileReference; lastKnownFileType = sourcecode.swift; path = AlbumDetailViewController.swift; sourceTree = "<group>"; };
		57D44CE824E83BE200B36C14 /* AlbumDetailCoordinator.swift */ = {isa = PBXFileReference; lastKnownFileType = sourcecode.swift; path = AlbumDetailCoordinator.swift; sourceTree = "<group>"; };
		57F37A9A24F2C03A00FCEA8F /* PagingModel.swift */ = {isa = PBXFileReference; lastKnownFileType = sourcecode.swift; path = PagingModel.swift; sourceTree = "<group>"; };
		A48F337DC44C824D5C92DBA5 /* Pods-WiproAssignment-WiproAssignmentUITests.release.xcconfig */ = {isa = PBXFileReference; includeInIndex = 1; lastKnownFileType = text.xcconfig; name = "Pods-WiproAssignment-WiproAssignmentUITests.release.xcconfig"; path = "Target Support Files/Pods-WiproAssignment-WiproAssignmentUITests/Pods-WiproAssignment-WiproAssignmentUITests.release.xcconfig"; sourceTree = "<group>"; };
		D61124D896D55CBC9187FA01 /* Pods-WiproAssignment-WiproAssignmentUITests.debug.xcconfig */ = {isa = PBXFileReference; includeInIndex = 1; lastKnownFileType = text.xcconfig; name = "Pods-WiproAssignment-WiproAssignmentUITests.debug.xcconfig"; path = "Target Support Files/Pods-WiproAssignment-WiproAssignmentUITests/Pods-WiproAssignment-WiproAssignmentUITests.debug.xcconfig"; sourceTree = "<group>"; };
		D6FC6C9D16B078E8B3406DFA /* Pods-WiproAssignment.release.xcconfig */ = {isa = PBXFileReference; includeInIndex = 1; lastKnownFileType = text.xcconfig; name = "Pods-WiproAssignment.release.xcconfig"; path = "Target Support Files/Pods-WiproAssignment/Pods-WiproAssignment.release.xcconfig"; sourceTree = "<group>"; };
/* End PBXFileReference section */

/* Begin PBXFrameworksBuildPhase section */
		577917AB24E7137300A6A8F7 /* Frameworks */ = {
			isa = PBXFrameworksBuildPhase;
			buildActionMask = 2147483647;
			files = (
				0F9D46FF235A7B5B531EDF9F /* Pods_WiproAssignment.framework in Frameworks */,
			);
			runOnlyForDeploymentPostprocessing = 0;
		};
		577917C124E7137800A6A8F7 /* Frameworks */ = {
			isa = PBXFrameworksBuildPhase;
			buildActionMask = 2147483647;
			files = (
				05BB97B94AC9C4DBE783CE31 /* Pods_WiproAssignmentTests.framework in Frameworks */,
			);
			runOnlyForDeploymentPostprocessing = 0;
		};
		577917CC24E7137800A6A8F7 /* Frameworks */ = {
			isa = PBXFrameworksBuildPhase;
			buildActionMask = 2147483647;
			files = (
				39FC3E41D998C6773353BC8C /* Pods_WiproAssignment_WiproAssignmentUITests.framework in Frameworks */,
			);
			runOnlyForDeploymentPostprocessing = 0;
		};
/* End PBXFrameworksBuildPhase section */

/* Begin PBXGroup section */
		43E8CD25EC9A1D9580B4BD25 /* Pods */ = {
			isa = PBXGroup;
			children = (
				47D1CAF0C1D820D13D9ECE3E /* Pods-WiproAssignment.debug.xcconfig */,
				D6FC6C9D16B078E8B3406DFA /* Pods-WiproAssignment.release.xcconfig */,
				D61124D896D55CBC9187FA01 /* Pods-WiproAssignment-WiproAssignmentUITests.debug.xcconfig */,
				A48F337DC44C824D5C92DBA5 /* Pods-WiproAssignment-WiproAssignmentUITests.release.xcconfig */,
				2F8A930A0FE4107FDA149FEB /* Pods-WiproAssignmentTests.debug.xcconfig */,
				3D661C47034FB71C0E392A3A /* Pods-WiproAssignmentTests.release.xcconfig */,
			);
			path = Pods;
			sourceTree = "<group>";
		};
		577917A524E7137300A6A8F7 = {
			isa = PBXGroup;
			children = (
				577917B024E7137300A6A8F7 /* WiproAssignment */,
				577917C724E7137800A6A8F7 /* WiproAssignmentTests */,
				577917D224E7137800A6A8F7 /* WiproAssignmentUITests */,
				577917AF24E7137300A6A8F7 /* Products */,
				43E8CD25EC9A1D9580B4BD25 /* Pods */,
				7354AA3E17FB483FBFE61F32 /* Frameworks */,
			);
			sourceTree = "<group>";
		};
		577917AF24E7137300A6A8F7 /* Products */ = {
			isa = PBXGroup;
			children = (
				577917AE24E7137300A6A8F7 /* Lastfm Demo.app */,
				577917C424E7137800A6A8F7 /* WiproAssignmentTests.xctest */,
				577917CF24E7137800A6A8F7 /* WiproAssignmentUITests.xctest */,
			);
			name = Products;
			sourceTree = "<group>";
		};
		577917B024E7137300A6A8F7 /* WiproAssignment */ = {
			isa = PBXGroup;
			children = (
				57D44CE324E81F0800B36C14 /* AppDelegate */,
				57D44CB124E7EE2B00B36C14 /* Helper */,
				57D44CB024E7EE1500B36C14 /* ViewModel */,
				57D44CAF24E7ED4E00B36C14 /* Home */,
				57D44CAD24E7ED1100B36C14 /* Network */,
				57D44CAC24E7ED0600B36C14 /* Model */,
				57D44CAA24E7EC9C00B36C14 /* Coordinators */,
				577917BA24E7137800A6A8F7 /* Assets.xcassets */,
				577917BC24E7137800A6A8F7 /* LaunchScreen.storyboard */,
				57D2C09524E92EC000B32263 /* SS_search_result.png */,
				57D2C09924E92F1B00B32263 /* SS_detail.png */,
				57D2C09424E92EC000B32263 /* SS_search_home.png */,
				577917BF24E7137800A6A8F7 /* Info.plist */,
			);
			path = WiproAssignment;
			sourceTree = "<group>";
		};
		577917C724E7137800A6A8F7 /* WiproAssignmentTests */ = {
			isa = PBXGroup;
			children = (
				577917C824E7137800A6A8F7 /* WiproAssignmentTests.swift */,
				577917CA24E7137800A6A8F7 /* Info.plist */,
				57D2C09124E9232800B32263 /* AlbumTestCases.swift */,
			);
			path = WiproAssignmentTests;
			sourceTree = "<group>";
		};
		577917D224E7137800A6A8F7 /* WiproAssignmentUITests */ = {
			isa = PBXGroup;
			children = (
				577917D324E7137800A6A8F7 /* WiproAssignmentUITests.swift */,
				577917D524E7137800A6A8F7 /* Info.plist */,
			);
			path = WiproAssignmentUITests;
			sourceTree = "<group>";
		};
		57D44CAA24E7EC9C00B36C14 /* Coordinators */ = {
			isa = PBXGroup;
			children = (
				57D44CDB24E8031200B36C14 /* MainCoordinator.swift */,
				57D44CDD24E8067800B36C14 /* Coordinator.swift */,
				57D44CDF24E806AC00B36C14 /* AlbumSearchResultCoordinator.swift */,
				57D44CE824E83BE200B36C14 /* AlbumDetailCoordinator.swift */,
			);
			path = Coordinators;
			sourceTree = "<group>";
		};
		57D44CAB24E7ECEA00B36C14 /* Extensions */ = {
			isa = PBXGroup;
			children = (
				57D44CB224E7EE9300B36C14 /* AppDelegate+Extension.swift */,
				57D44CB424E7EEB300B36C14 /* Array+Extension.swift */,
				57D44CB624E7EEF000B36C14 /* UIViewController+Extension.swift */,
				57D44CB824E7EF0D00B36C14 /* UIImageView+Extension.swift */,
				57D44CD224E7F92D00B36C14 /* UINavigation+Extension.swift */,
				57D44CE124E8158000B36C14 /* UITableView+Extension.swift */,
			);
			path = Extensions;
			sourceTree = "<group>";
		};
		57D44CAC24E7ED0600B36C14 /* Model */ = {
			isa = PBXGroup;
			children = (
				57D44CBE24E7EFB400B36C14 /* Album.swift */,
				57F37A9A24F2C03A00FCEA8F /* PagingModel.swift */,
			);
			path = Model;
			sourceTree = "<group>";
		};
		57D44CAD24E7ED1100B36C14 /* Network */ = {
			isa = PBXGroup;
			children = (
				57D44CC024E7F02E00B36C14 /* APIError.swift */,
				57D44CC224E7F04000B36C14 /* Reachablity.swift */,
				57D44CC424E7F05600B36C14 /* ResponseParser.swift */,
				57D44CC624E7F06C00B36C14 /* APIRouter.swift */,
				57D44CC824E7F07E00B36C14 /* SessionManager.swift */,
			);
			path = Network;
			sourceTree = "<group>";
		};
		57D44CAF24E7ED4E00B36C14 /* Home */ = {
			isa = PBXGroup;
			children = (
				577917B724E7137300A6A8F7 /* Main.storyboard */,
				57D44CD424E7FA0200B36C14 /* Cell */,
				57D44CCA24E7F45100B36C14 /* Controller */,
			);
			path = Home;
			sourceTree = "<group>";
		};
		57D44CB024E7EE1500B36C14 /* ViewModel */ = {
			isa = PBXGroup;
			children = (
				57D44CD024E7F81100B36C14 /* AlbumSearchViewModel.swift */,
				57D44CD924E7FDE200B36C14 /* AlbumListCellViewModel.swift */,
				57D44CE424E82B2000B36C14 /* AlbumDetailViewModel.swift */,
				579B5AFC24F422040013D7AF /* HomeViewModel.swift */,
			);
			path = ViewModel;
			sourceTree = "<group>";
		};
		57D44CB124E7EE2B00B36C14 /* Helper */ = {
			isa = PBXGroup;
			children = (
				57D44CAB24E7ECEA00B36C14 /* Extensions */,
				57D44CBA24E7EF4200B36C14 /* AppStoryboard.swift */,
			);
			path = Helper;
			sourceTree = "<group>";
		};
		57D44CCA24E7F45100B36C14 /* Controller */ = {
			isa = PBXGroup;
			children = (
				57D44CCC24E7F76300B36C14 /* AlbumSearchViewController.swift */,
				57D44CCE24E7F78500B36C14 /* AlbumSearchResultViewController.swift */,
				57D44CE624E83A6600B36C14 /* AlbumDetailViewController.swift */,
			);
			path = Controller;
			sourceTree = "<group>";
		};
		57D44CD424E7FA0200B36C14 /* Cell */ = {
			isa = PBXGroup;
			children = (
				57D44CD524E7FA4300B36C14 /* AlbumListTableViewCell.swift */,
				57D44CD624E7FA4300B36C14 /* AlbumListTableViewCell.xib */,
				579B5AFA24F421850013D7AF /* TopAlbumCollectionViewCell.swift */,
			);
			path = Cell;
			sourceTree = "<group>";
		};
		57D44CE324E81F0800B36C14 /* AppDelegate */ = {
			isa = PBXGroup;
			children = (
				577917B124E7137300A6A8F7 /* AppDelegate.swift */,
				577917B324E7137300A6A8F7 /* SceneDelegate.swift */,
			);
			path = AppDelegate;
			sourceTree = "<group>";
		};
		7354AA3E17FB483FBFE61F32 /* Frameworks */ = {
			isa = PBXGroup;
			children = (
				46205A8589E8B8C7F08E01A9 /* Pods_WiproAssignment.framework */,
				3AD73413B0544BDE364BAA75 /* Pods_WiproAssignment_WiproAssignmentUITests.framework */,
				426B1843A7DA970644CB0DFF /* Pods_WiproAssignmentTests.framework */,
			);
			name = Frameworks;
			sourceTree = "<group>";
		};
/* End PBXGroup section */

/* Begin PBXNativeTarget section */
		577917AD24E7137300A6A8F7 /* WiproAssignment */ = {
			isa = PBXNativeTarget;
			buildConfigurationList = 577917D824E7137800A6A8F7 /* Build configuration list for PBXNativeTarget "WiproAssignment" */;
			buildPhases = (
				C65505C547290CF1667E9765 /* [CP] Check Pods Manifest.lock */,
				577917AA24E7137300A6A8F7 /* Sources */,
				577917AB24E7137300A6A8F7 /* Frameworks */,
				577917AC24E7137300A6A8F7 /* Resources */,
				6F8C22CF447862A9F142F8E7 /* [CP] Embed Pods Frameworks */,
			);
			buildRules = (
			);
			dependencies = (
			);
			name = WiproAssignment;
			productName = WiproAssignment;
			productReference = 577917AE24E7137300A6A8F7 /* Lastfm Demo.app */;
			productType = "com.apple.product-type.application";
		};
		577917C324E7137800A6A8F7 /* WiproAssignmentTests */ = {
			isa = PBXNativeTarget;
			buildConfigurationList = 577917DB24E7137800A6A8F7 /* Build configuration list for PBXNativeTarget "WiproAssignmentTests" */;
			buildPhases = (
				2B9E7FFFBF6259C01EF88538 /* [CP] Check Pods Manifest.lock */,
				577917C024E7137800A6A8F7 /* Sources */,
				577917C124E7137800A6A8F7 /* Frameworks */,
				577917C224E7137800A6A8F7 /* Resources */,
			);
			buildRules = (
			);
			dependencies = (
				577917C624E7137800A6A8F7 /* PBXTargetDependency */,
			);
			name = WiproAssignmentTests;
			productName = WiproAssignmentTests;
			productReference = 577917C424E7137800A6A8F7 /* WiproAssignmentTests.xctest */;
			productType = "com.apple.product-type.bundle.unit-test";
		};
		577917CE24E7137800A6A8F7 /* WiproAssignmentUITests */ = {
			isa = PBXNativeTarget;
			buildConfigurationList = 577917DE24E7137800A6A8F7 /* Build configuration list for PBXNativeTarget "WiproAssignmentUITests" */;
			buildPhases = (
				AD1230E30D6C493956B1F01A /* [CP] Check Pods Manifest.lock */,
				577917CB24E7137800A6A8F7 /* Sources */,
				577917CC24E7137800A6A8F7 /* Frameworks */,
				577917CD24E7137800A6A8F7 /* Resources */,
				015CCD5211B3BA98CC712270 /* [CP] Embed Pods Frameworks */,
			);
			buildRules = (
			);
			dependencies = (
				577917D124E7137800A6A8F7 /* PBXTargetDependency */,
			);
			name = WiproAssignmentUITests;
			productName = WiproAssignmentUITests;
			productReference = 577917CF24E7137800A6A8F7 /* WiproAssignmentUITests.xctest */;
			productType = "com.apple.product-type.bundle.ui-testing";
		};
/* End PBXNativeTarget section */

/* Begin PBXProject section */
		577917A624E7137300A6A8F7 /* Project object */ = {
			isa = PBXProject;
			attributes = {
				LastSwiftUpdateCheck = 1150;
				LastUpgradeCheck = 1150;
				ORGANIZATIONNAME = "Harsha Gunaki";
				TargetAttributes = {
					577917AD24E7137300A6A8F7 = {
						CreatedOnToolsVersion = 11.5;
					};
					577917C324E7137800A6A8F7 = {
						CreatedOnToolsVersion = 11.5;
						TestTargetID = 577917AD24E7137300A6A8F7;
					};
					577917CE24E7137800A6A8F7 = {
						CreatedOnToolsVersion = 11.5;
						TestTargetID = 577917AD24E7137300A6A8F7;
					};
				};
			};
			buildConfigurationList = 577917A924E7137300A6A8F7 /* Build configuration list for PBXProject "WiproAssignment" */;
			compatibilityVersion = "Xcode 9.3";
			developmentRegion = en;
			hasScannedForEncodings = 0;
			knownRegions = (
				en,
				Base,
			);
			mainGroup = 577917A524E7137300A6A8F7;
			productRefGroup = 577917AF24E7137300A6A8F7 /* Products */;
			projectDirPath = "";
			projectRoot = "";
			targets = (
				577917AD24E7137300A6A8F7 /* WiproAssignment */,
				577917C324E7137800A6A8F7 /* WiproAssignmentTests */,
				577917CE24E7137800A6A8F7 /* WiproAssignmentUITests */,
			);
		};
/* End PBXProject section */

/* Begin PBXResourcesBuildPhase section */
		577917AC24E7137300A6A8F7 /* Resources */ = {
			isa = PBXResourcesBuildPhase;
			buildActionMask = 2147483647;
			files = (
				577917BE24E7137800A6A8F7 /* LaunchScreen.storyboard in Resources */,
				57D2C09A24E92F1B00B32263 /* SS_detail.png in Resources */,
				577917BB24E7137800A6A8F7 /* Assets.xcassets in Resources */,
				57D2C09824E92EC100B32263 /* SS_search_result.png in Resources */,
				577917B924E7137300A6A8F7 /* Main.storyboard in Resources */,
				57D2C09724E92EC100B32263 /* SS_search_home.png in Resources */,
				57D44CD824E7FA4300B36C14 /* AlbumListTableViewCell.xib in Resources */,
			);
			runOnlyForDeploymentPostprocessing = 0;
		};
		577917C224E7137800A6A8F7 /* Resources */ = {
			isa = PBXResourcesBuildPhase;
			buildActionMask = 2147483647;
			files = (
			);
			runOnlyForDeploymentPostprocessing = 0;
		};
		577917CD24E7137800A6A8F7 /* Resources */ = {
			isa = PBXResourcesBuildPhase;
			buildActionMask = 2147483647;
			files = (
			);
			runOnlyForDeploymentPostprocessing = 0;
		};
/* End PBXResourcesBuildPhase section */

/* Begin PBXShellScriptBuildPhase section */
		015CCD5211B3BA98CC712270 /* [CP] Embed Pods Frameworks */ = {
			isa = PBXShellScriptBuildPhase;
			buildActionMask = 2147483647;
			files = (
			);
			inputFileListPaths = (
				"${PODS_ROOT}/Target Support Files/Pods-WiproAssignment-WiproAssignmentUITests/Pods-WiproAssignment-WiproAssignmentUITests-frameworks-${CONFIGURATION}-input-files.xcfilelist",
			);
			name = "[CP] Embed Pods Frameworks";
			outputFileListPaths = (
				"${PODS_ROOT}/Target Support Files/Pods-WiproAssignment-WiproAssignmentUITests/Pods-WiproAssignment-WiproAssignmentUITests-frameworks-${CONFIGURATION}-output-files.xcfilelist",
			);
			runOnlyForDeploymentPostprocessing = 0;
			shellPath = /bin/sh;
			shellScript = "\"${PODS_ROOT}/Target Support Files/Pods-WiproAssignment-WiproAssignmentUITests/Pods-WiproAssignment-WiproAssignmentUITests-frameworks.sh\"\n";
			showEnvVarsInLog = 0;
		};
		2B9E7FFFBF6259C01EF88538 /* [CP] Check Pods Manifest.lock */ = {
			isa = PBXShellScriptBuildPhase;
			buildActionMask = 2147483647;
			files = (
			);
			inputFileListPaths = (
			);
			inputPaths = (
				"${PODS_PODFILE_DIR_PATH}/Podfile.lock",
				"${PODS_ROOT}/Manifest.lock",
			);
			name = "[CP] Check Pods Manifest.lock";
			outputFileListPaths = (
			);
			outputPaths = (
				"$(DERIVED_FILE_DIR)/Pods-WiproAssignmentTests-checkManifestLockResult.txt",
			);
			runOnlyForDeploymentPostprocessing = 0;
			shellPath = /bin/sh;
			shellScript = "diff \"${PODS_PODFILE_DIR_PATH}/Podfile.lock\" \"${PODS_ROOT}/Manifest.lock\" > /dev/null\nif [ $? != 0 ] ; then\n    # print error to STDERR\n    echo \"error: The sandbox is not in sync with the Podfile.lock. Run 'pod install' or update your CocoaPods installation.\" >&2\n    exit 1\nfi\n# This output is used by Xcode 'outputs' to avoid re-running this script phase.\necho \"SUCCESS\" > \"${SCRIPT_OUTPUT_FILE_0}\"\n";
			showEnvVarsInLog = 0;
		};
		6F8C22CF447862A9F142F8E7 /* [CP] Embed Pods Frameworks */ = {
			isa = PBXShellScriptBuildPhase;
			buildActionMask = 2147483647;
			files = (
			);
			inputFileListPaths = (
				"${PODS_ROOT}/Target Support Files/Pods-WiproAssignment/Pods-WiproAssignment-frameworks-${CONFIGURATION}-input-files.xcfilelist",
			);
			name = "[CP] Embed Pods Frameworks";
			outputFileListPaths = (
				"${PODS_ROOT}/Target Support Files/Pods-WiproAssignment/Pods-WiproAssignment-frameworks-${CONFIGURATION}-output-files.xcfilelist",
			);
			runOnlyForDeploymentPostprocessing = 0;
			shellPath = /bin/sh;
			shellScript = "\"${PODS_ROOT}/Target Support Files/Pods-WiproAssignment/Pods-WiproAssignment-frameworks.sh\"\n";
			showEnvVarsInLog = 0;
		};
		AD1230E30D6C493956B1F01A /* [CP] Check Pods Manifest.lock */ = {
			isa = PBXShellScriptBuildPhase;
			buildActionMask = 2147483647;
			files = (
			);
			inputFileListPaths = (
			);
			inputPaths = (
				"${PODS_PODFILE_DIR_PATH}/Podfile.lock",
				"${PODS_ROOT}/Manifest.lock",
			);
			name = "[CP] Check Pods Manifest.lock";
			outputFileListPaths = (
			);
			outputPaths = (
				"$(DERIVED_FILE_DIR)/Pods-WiproAssignment-WiproAssignmentUITests-checkManifestLockResult.txt",
			);
			runOnlyForDeploymentPostprocessing = 0;
			shellPath = /bin/sh;
			shellScript = "diff \"${PODS_PODFILE_DIR_PATH}/Podfile.lock\" \"${PODS_ROOT}/Manifest.lock\" > /dev/null\nif [ $? != 0 ] ; then\n    # print error to STDERR\n    echo \"error: The sandbox is not in sync with the Podfile.lock. Run 'pod install' or update your CocoaPods installation.\" >&2\n    exit 1\nfi\n# This output is used by Xcode 'outputs' to avoid re-running this script phase.\necho \"SUCCESS\" > \"${SCRIPT_OUTPUT_FILE_0}\"\n";
			showEnvVarsInLog = 0;
		};
		C65505C547290CF1667E9765 /* [CP] Check Pods Manifest.lock */ = {
			isa = PBXShellScriptBuildPhase;
			buildActionMask = 2147483647;
			files = (
			);
			inputFileListPaths = (
			);
			inputPaths = (
				"${PODS_PODFILE_DIR_PATH}/Podfile.lock",
				"${PODS_ROOT}/Manifest.lock",
			);
			name = "[CP] Check Pods Manifest.lock";
			outputFileListPaths = (
			);
			outputPaths = (
				"$(DERIVED_FILE_DIR)/Pods-WiproAssignment-checkManifestLockResult.txt",
			);
			runOnlyForDeploymentPostprocessing = 0;
			shellPath = /bin/sh;
			shellScript = "diff \"${PODS_PODFILE_DIR_PATH}/Podfile.lock\" \"${PODS_ROOT}/Manifest.lock\" > /dev/null\nif [ $? != 0 ] ; then\n    # print error to STDERR\n    echo \"error: The sandbox is not in sync with the Podfile.lock. Run 'pod install' or update your CocoaPods installation.\" >&2\n    exit 1\nfi\n# This output is used by Xcode 'outputs' to avoid re-running this script phase.\necho \"SUCCESS\" > \"${SCRIPT_OUTPUT_FILE_0}\"\n";
			showEnvVarsInLog = 0;
		};
/* End PBXShellScriptBuildPhase section */

/* Begin PBXSourcesBuildPhase section */
		577917AA24E7137300A6A8F7 /* Sources */ = {
			isa = PBXSourcesBuildPhase;
			buildActionMask = 2147483647;
			files = (
				57D44CDA24E7FDE200B36C14 /* AlbumListCellViewModel.swift in Sources */,
				57F37A9B24F2C03A00FCEA8F /* PagingModel.swift in Sources */,
				57D44CBB24E7EF4200B36C14 /* AppStoryboard.swift in Sources */,
				57D44CE724E83A6600B36C14 /* AlbumDetailViewController.swift in Sources */,
				579B5AFB24F421850013D7AF /* TopAlbumCollectionViewCell.swift in Sources */,
				57D44CE024E806AC00B36C14 /* AlbumSearchResultCoordinator.swift in Sources */,
				57D44CB724E7EEF000B36C14 /* UIViewController+Extension.swift in Sources */,
				57D44CC324E7F04000B36C14 /* Reachablity.swift in Sources */,
				57D44CC124E7F02E00B36C14 /* APIError.swift in Sources */,
				57D44CDE24E8067800B36C14 /* Coordinator.swift in Sources */,
				57D44CCF24E7F78500B36C14 /* AlbumSearchResultViewController.swift in Sources */,
				57D44CB924E7EF0D00B36C14 /* UIImageView+Extension.swift in Sources */,
				57D44CC924E7F07E00B36C14 /* SessionManager.swift in Sources */,
				57D44CB524E7EEB300B36C14 /* Array+Extension.swift in Sources */,
				57D44CBF24E7EFB400B36C14 /* Album.swift in Sources */,
				579B5AFD24F422040013D7AF /* HomeViewModel.swift in Sources */,
				57D44CE524E82B2000B36C14 /* AlbumDetailViewModel.swift in Sources */,
				57D44CCD24E7F76300B36C14 /* AlbumSearchViewController.swift in Sources */,
				57D44CD724E7FA4300B36C14 /* AlbumListTableViewCell.swift in Sources */,
				57D44CC724E7F06C00B36C14 /* APIRouter.swift in Sources */,
				57D44CE924E83BE200B36C14 /* AlbumDetailCoordinator.swift in Sources */,
				577917B224E7137300A6A8F7 /* AppDelegate.swift in Sources */,
				57D44CB324E7EE9300B36C14 /* AppDelegate+Extension.swift in Sources */,
				57D44CDC24E8031200B36C14 /* MainCoordinator.swift in Sources */,
				57D44CD124E7F81100B36C14 /* AlbumSearchViewModel.swift in Sources */,
				577917B424E7137300A6A8F7 /* SceneDelegate.swift in Sources */,
				57D44CC524E7F05600B36C14 /* ResponseParser.swift in Sources */,
				57D44CD324E7F92D00B36C14 /* UINavigation+Extension.swift in Sources */,
				57D44CE224E8158000B36C14 /* UITableView+Extension.swift in Sources */,
			);
			runOnlyForDeploymentPostprocessing = 0;
		};
		577917C024E7137800A6A8F7 /* Sources */ = {
			isa = PBXSourcesBuildPhase;
			buildActionMask = 2147483647;
			files = (
				577917C924E7137800A6A8F7 /* WiproAssignmentTests.swift in Sources */,
				57D2C09224E9232800B32263 /* AlbumTestCases.swift in Sources */,
			);
			runOnlyForDeploymentPostprocessing = 0;
		};
		577917CB24E7137800A6A8F7 /* Sources */ = {
			isa = PBXSourcesBuildPhase;
			buildActionMask = 2147483647;
			files = (
				577917D424E7137800A6A8F7 /* WiproAssignmentUITests.swift in Sources */,
			);
			runOnlyForDeploymentPostprocessing = 0;
		};
/* End PBXSourcesBuildPhase section */

/* Begin PBXTargetDependency section */
		577917C624E7137800A6A8F7 /* PBXTargetDependency */ = {
			isa = PBXTargetDependency;
			target = 577917AD24E7137300A6A8F7 /* WiproAssignment */;
			targetProxy = 577917C524E7137800A6A8F7 /* PBXContainerItemProxy */;
		};
		577917D124E7137800A6A8F7 /* PBXTargetDependency */ = {
			isa = PBXTargetDependency;
			target = 577917AD24E7137300A6A8F7 /* WiproAssignment */;
			targetProxy = 577917D024E7137800A6A8F7 /* PBXContainerItemProxy */;
		};
/* End PBXTargetDependency section */

/* Begin PBXVariantGroup section */
		577917B724E7137300A6A8F7 /* Main.storyboard */ = {
			isa = PBXVariantGroup;
			children = (
				577917B824E7137300A6A8F7 /* Base */,
			);
			name = Main.storyboard;
			sourceTree = "<group>";
		};
		577917BC24E7137800A6A8F7 /* LaunchScreen.storyboard */ = {
			isa = PBXVariantGroup;
			children = (
				577917BD24E7137800A6A8F7 /* Base */,
			);
			name = LaunchScreen.storyboard;
			sourceTree = "<group>";
		};
/* End PBXVariantGroup section */

/* Begin XCBuildConfiguration section */
		577917D624E7137800A6A8F7 /* Debug */ = {
			isa = XCBuildConfiguration;
			buildSettings = {
				ALWAYS_SEARCH_USER_PATHS = NO;
				CLANG_ANALYZER_NONNULL = YES;
				CLANG_ANALYZER_NUMBER_OBJECT_CONVERSION = YES_AGGRESSIVE;
				CLANG_CXX_LANGUAGE_STANDARD = "gnu++14";
				CLANG_CXX_LIBRARY = "libc++";
				CLANG_ENABLE_MODULES = YES;
				CLANG_ENABLE_OBJC_ARC = YES;
				CLANG_ENABLE_OBJC_WEAK = YES;
				CLANG_WARN_BLOCK_CAPTURE_AUTORELEASING = YES;
				CLANG_WARN_BOOL_CONVERSION = YES;
				CLANG_WARN_COMMA = YES;
				CLANG_WARN_CONSTANT_CONVERSION = YES;
				CLANG_WARN_DEPRECATED_OBJC_IMPLEMENTATIONS = YES;
				CLANG_WARN_DIRECT_OBJC_ISA_USAGE = YES_ERROR;
				CLANG_WARN_DOCUMENTATION_COMMENTS = YES;
				CLANG_WARN_EMPTY_BODY = YES;
				CLANG_WARN_ENUM_CONVERSION = YES;
				CLANG_WARN_INFINITE_RECURSION = YES;
				CLANG_WARN_INT_CONVERSION = YES;
				CLANG_WARN_NON_LITERAL_NULL_CONVERSION = YES;
				CLANG_WARN_OBJC_IMPLICIT_RETAIN_SELF = YES;
				CLANG_WARN_OBJC_LITERAL_CONVERSION = YES;
				CLANG_WARN_OBJC_ROOT_CLASS = YES_ERROR;
				CLANG_WARN_RANGE_LOOP_ANALYSIS = YES;
				CLANG_WARN_STRICT_PROTOTYPES = YES;
				CLANG_WARN_SUSPICIOUS_MOVE = YES;
				CLANG_WARN_UNGUARDED_AVAILABILITY = YES_AGGRESSIVE;
				CLANG_WARN_UNREACHABLE_CODE = YES;
				CLANG_WARN__DUPLICATE_METHOD_MATCH = YES;
				COPY_PHASE_STRIP = NO;
				DEBUG_INFORMATION_FORMAT = dwarf;
				ENABLE_STRICT_OBJC_MSGSEND = YES;
				ENABLE_TESTABILITY = YES;
				GCC_C_LANGUAGE_STANDARD = gnu11;
				GCC_DYNAMIC_NO_PIC = NO;
				GCC_NO_COMMON_BLOCKS = YES;
				GCC_OPTIMIZATION_LEVEL = 0;
				GCC_PREPROCESSOR_DEFINITIONS = (
					"DEBUG=1",
					"$(inherited)",
				);
				GCC_WARN_64_TO_32_BIT_CONVERSION = YES;
				GCC_WARN_ABOUT_RETURN_TYPE = YES_ERROR;
				GCC_WARN_UNDECLARED_SELECTOR = YES;
				GCC_WARN_UNINITIALIZED_AUTOS = YES_AGGRESSIVE;
				GCC_WARN_UNUSED_FUNCTION = YES;
				GCC_WARN_UNUSED_VARIABLE = YES;
				IPHONEOS_DEPLOYMENT_TARGET = 13.5;
				MTL_ENABLE_DEBUG_INFO = INCLUDE_SOURCE;
				MTL_FAST_MATH = YES;
				ONLY_ACTIVE_ARCH = YES;
				SDKROOT = iphoneos;
				SWIFT_ACTIVE_COMPILATION_CONDITIONS = DEBUG;
				SWIFT_OPTIMIZATION_LEVEL = "-Onone";
			};
			name = Debug;
		};
		577917D724E7137800A6A8F7 /* Release */ = {
			isa = XCBuildConfiguration;
			buildSettings = {
				ALWAYS_SEARCH_USER_PATHS = NO;
				CLANG_ANALYZER_NONNULL = YES;
				CLANG_ANALYZER_NUMBER_OBJECT_CONVERSION = YES_AGGRESSIVE;
				CLANG_CXX_LANGUAGE_STANDARD = "gnu++14";
				CLANG_CXX_LIBRARY = "libc++";
				CLANG_ENABLE_MODULES = YES;
				CLANG_ENABLE_OBJC_ARC = YES;
				CLANG_ENABLE_OBJC_WEAK = YES;
				CLANG_WARN_BLOCK_CAPTURE_AUTORELEASING = YES;
				CLANG_WARN_BOOL_CONVERSION = YES;
				CLANG_WARN_COMMA = YES;
				CLANG_WARN_CONSTANT_CONVERSION = YES;
				CLANG_WARN_DEPRECATED_OBJC_IMPLEMENTATIONS = YES;
				CLANG_WARN_DIRECT_OBJC_ISA_USAGE = YES_ERROR;
				CLANG_WARN_DOCUMENTATION_COMMENTS = YES;
				CLANG_WARN_EMPTY_BODY = YES;
				CLANG_WARN_ENUM_CONVERSION = YES;
				CLANG_WARN_INFINITE_RECURSION = YES;
				CLANG_WARN_INT_CONVERSION = YES;
				CLANG_WARN_NON_LITERAL_NULL_CONVERSION = YES;
				CLANG_WARN_OBJC_IMPLICIT_RETAIN_SELF = YES;
				CLANG_WARN_OBJC_LITERAL_CONVERSION = YES;
				CLANG_WARN_OBJC_ROOT_CLASS = YES_ERROR;
				CLANG_WARN_RANGE_LOOP_ANALYSIS = YES;
				CLANG_WARN_STRICT_PROTOTYPES = YES;
				CLANG_WARN_SUSPICIOUS_MOVE = YES;
				CLANG_WARN_UNGUARDED_AVAILABILITY = YES_AGGRESSIVE;
				CLANG_WARN_UNREACHABLE_CODE = YES;
				CLANG_WARN__DUPLICATE_METHOD_MATCH = YES;
				COPY_PHASE_STRIP = NO;
				DEBUG_INFORMATION_FORMAT = "dwarf-with-dsym";
				ENABLE_NS_ASSERTIONS = NO;
				ENABLE_STRICT_OBJC_MSGSEND = YES;
				GCC_C_LANGUAGE_STANDARD = gnu11;
				GCC_NO_COMMON_BLOCKS = YES;
				GCC_WARN_64_TO_32_BIT_CONVERSION = YES;
				GCC_WARN_ABOUT_RETURN_TYPE = YES_ERROR;
				GCC_WARN_UNDECLARED_SELECTOR = YES;
				GCC_WARN_UNINITIALIZED_AUTOS = YES_AGGRESSIVE;
				GCC_WARN_UNUSED_FUNCTION = YES;
				GCC_WARN_UNUSED_VARIABLE = YES;
				IPHONEOS_DEPLOYMENT_TARGET = 13.5;
				MTL_ENABLE_DEBUG_INFO = NO;
				MTL_FAST_MATH = YES;
				SDKROOT = iphoneos;
				SWIFT_COMPILATION_MODE = wholemodule;
				SWIFT_OPTIMIZATION_LEVEL = "-O";
				VALIDATE_PRODUCT = YES;
			};
			name = Release;
		};
		577917D924E7137800A6A8F7 /* Debug */ = {
			isa = XCBuildConfiguration;
			baseConfigurationReference = 47D1CAF0C1D820D13D9ECE3E /* Pods-WiproAssignment.debug.xcconfig */;
			buildSettings = {
				ASSETCATALOG_COMPILER_APPICON_NAME = AppIcon;
				CODE_SIGN_IDENTITY = "Apple Development";
				CODE_SIGN_STYLE = Automatic;
				DEVELOPMENT_TEAM = "";
				INFOPLIST_FILE = WiproAssignment/Info.plist;
				IPHONEOS_DEPLOYMENT_TARGET = 13.0;
				LD_RUNPATH_SEARCH_PATHS = (
					"$(inherited)",
					"@executable_path/Frameworks",
				);
				PRODUCT_BUNDLE_IDENTIFIER = com.harsha.WiproAssignment;
				PRODUCT_NAME = "Lastfm Demo";
				PROVISIONING_PROFILE_SPECIFIER = "";
				SWIFT_VERSION = 5.0;
				TARGETED_DEVICE_FAMILY = "1,2";
			};
			name = Debug;
		};
		577917DA24E7137800A6A8F7 /* Release */ = {
			isa = XCBuildConfiguration;
			baseConfigurationReference = D6FC6C9D16B078E8B3406DFA /* Pods-WiproAssignment.release.xcconfig */;
			buildSettings = {
				ASSETCATALOG_COMPILER_APPICON_NAME = AppIcon;
				CODE_SIGN_IDENTITY = "Apple Development";
				CODE_SIGN_STYLE = Automatic;
				DEVELOPMENT_TEAM = "";
				INFOPLIST_FILE = WiproAssignment/Info.plist;
				IPHONEOS_DEPLOYMENT_TARGET = 13.0;
				LD_RUNPATH_SEARCH_PATHS = (
					"$(inherited)",
					"@executable_path/Frameworks",
				);
				PRODUCT_BUNDLE_IDENTIFIER = com.harsha.WiproAssignment;
				PRODUCT_NAME = "Lastfm Demo";
				PROVISIONING_PROFILE_SPECIFIER = "";
				SWIFT_VERSION = 5.0;
				TARGETED_DEVICE_FAMILY = "1,2";
			};
			name = Release;
		};
		577917DC24E7137800A6A8F7 /* Debug */ = {
			isa = XCBuildConfiguration;
			baseConfigurationReference = 2F8A930A0FE4107FDA149FEB /* Pods-WiproAssignmentTests.debug.xcconfig */;
			buildSettings = {
				ALWAYS_EMBED_SWIFT_STANDARD_LIBRARIES = YES;
				BUNDLE_LOADER = "$(TEST_HOST)";
				CODE_SIGN_STYLE = Automatic;
				INFOPLIST_FILE = WiproAssignmentTests/Info.plist;
				IPHONEOS_DEPLOYMENT_TARGET = 13.5;
				LD_RUNPATH_SEARCH_PATHS = (
					"$(inherited)",
					"@executable_path/Frameworks",
					"@loader_path/Frameworks",
				);
				PRODUCT_BUNDLE_IDENTIFIER = com.harsha.WiproAssignmentTests;
				PRODUCT_NAME = "$(TARGET_NAME)";
				SWIFT_VERSION = 5.0;
				TARGETED_DEVICE_FAMILY = "1,2";
				TEST_HOST = "$(BUILT_PRODUCTS_DIR)/WiproAssignment.app/WiproAssignment";
			};
			name = Debug;
		};
		577917DD24E7137800A6A8F7 /* Release */ = {
			isa = XCBuildConfiguration;
			baseConfigurationReference = 3D661C47034FB71C0E392A3A /* Pods-WiproAssignmentTests.release.xcconfig */;
			buildSettings = {
				ALWAYS_EMBED_SWIFT_STANDARD_LIBRARIES = YES;
				BUNDLE_LOADER = "$(TEST_HOST)";
				CODE_SIGN_STYLE = Automatic;
				INFOPLIST_FILE = WiproAssignmentTests/Info.plist;
				IPHONEOS_DEPLOYMENT_TARGET = 13.5;
				LD_RUNPATH_SEARCH_PATHS = (
					"$(inherited)",
					"@executable_path/Frameworks",
					"@loader_path/Frameworks",
				);
				PRODUCT_BUNDLE_IDENTIFIER = com.harsha.WiproAssignmentTests;
				PRODUCT_NAME = "$(TARGET_NAME)";
				SWIFT_VERSION = 5.0;
				TARGETED_DEVICE_FAMILY = "1,2";
				TEST_HOST = "$(BUILT_PRODUCTS_DIR)/WiproAssignment.app/WiproAssignment";
			};
			name = Release;
		};
		577917DF24E7137800A6A8F7 /* Debug */ = {
			isa = XCBuildConfiguration;
			baseConfigurationReference = D61124D896D55CBC9187FA01 /* Pods-WiproAssignment-WiproAssignmentUITests.debug.xcconfig */;
			buildSettings = {
				ALWAYS_EMBED_SWIFT_STANDARD_LIBRARIES = YES;
				CODE_SIGN_STYLE = Automatic;
				INFOPLIST_FILE = WiproAssignmentUITests/Info.plist;
				LD_RUNPATH_SEARCH_PATHS = (
					"$(inherited)",
					"@executable_path/Frameworks",
					"@loader_path/Frameworks",
				);
				PRODUCT_BUNDLE_IDENTIFIER = com.harsha.WiproAssignmentUITests;
				PRODUCT_NAME = "$(TARGET_NAME)";
				SWIFT_VERSION = 5.0;
				TARGETED_DEVICE_FAMILY = "1,2";
				TEST_TARGET_NAME = WiproAssignment;
			};
			name = Debug;
		};
		577917E024E7137800A6A8F7 /* Release */ = {
			isa = XCBuildConfiguration;
			baseConfigurationReference = A48F337DC44C824D5C92DBA5 /* Pods-WiproAssignment-WiproAssignmentUITests.release.xcconfig */;
			buildSettings = {
				ALWAYS_EMBED_SWIFT_STANDARD_LIBRARIES = YES;
				CODE_SIGN_STYLE = Automatic;
				INFOPLIST_FILE = WiproAssignmentUITests/Info.plist;
				LD_RUNPATH_SEARCH_PATHS = (
					"$(inherited)",
					"@executable_path/Frameworks",
					"@loader_path/Frameworks",
				);
				PRODUCT_BUNDLE_IDENTIFIER = com.harsha.WiproAssignmentUITests;
				PRODUCT_NAME = "$(TARGET_NAME)";
				SWIFT_VERSION = 5.0;
				TARGETED_DEVICE_FAMILY = "1,2";
				TEST_TARGET_NAME = WiproAssignment;
			};
			name = Release;
		};
/* End XCBuildConfiguration section */

/* Begin XCConfigurationList section */
		577917A924E7137300A6A8F7 /* Build configuration list for PBXProject "WiproAssignment" */ = {
			isa = XCConfigurationList;
			buildConfigurations = (
				577917D624E7137800A6A8F7 /* Debug */,
				577917D724E7137800A6A8F7 /* Release */,
			);
			defaultConfigurationIsVisible = 0;
			defaultConfigurationName = Release;
		};
		577917D824E7137800A6A8F7 /* Build configuration list for PBXNativeTarget "WiproAssignment" */ = {
			isa = XCConfigurationList;
			buildConfigurations = (
				577917D924E7137800A6A8F7 /* Debug */,
				577917DA24E7137800A6A8F7 /* Release */,
			);
			defaultConfigurationIsVisible = 0;
			defaultConfigurationName = Release;
		};
		577917DB24E7137800A6A8F7 /* Build configuration list for PBXNativeTarget "WiproAssignmentTests" */ = {
			isa = XCConfigurationList;
			buildConfigurations = (
				577917DC24E7137800A6A8F7 /* Debug */,
				577917DD24E7137800A6A8F7 /* Release */,
			);
			defaultConfigurationIsVisible = 0;
			defaultConfigurationName = Release;
		};
		577917DE24E7137800A6A8F7 /* Build configuration list for PBXNativeTarget "WiproAssignmentUITests" */ = {
			isa = XCConfigurationList;
			buildConfigurations = (
				577917DF24E7137800A6A8F7 /* Debug */,
				577917E024E7137800A6A8F7 /* Release */,
			);
			defaultConfigurationIsVisible = 0;
			defaultConfigurationName = Release;
		};
/* End XCConfigurationList section */
	};
	rootObject = 577917A624E7137300A6A8F7 /* Project object */;
}
